{
  "name": "cartoon",
  "version": "0.0.0",
  "lockfileVersion": 1,
  "requires": true,
  "dependencies": {
    "@babel/parser": {
      "version": "7.16.10",
      "resolved": "https://npm.corp.kuaishou.com/@babel%2fparser/-/parser-7.16.10.tgz",
      "integrity": "sha512-Sm/S9Or6nN8uiFsQU1yodyDW3MWXQhFeqzMPM+t8MJjM+pLsnFVxFZzkpXKvUXh+Gz9cbMoYYs484+Jw/NTEFQ=="
    },
    "@vitejs/plugin-vue": {
      "version": "1.10.2",
      "resolved": "https://npm.corp.kuaishou.com/@vitejs%2fplugin-vue/-/plugin-vue-1.10.2.tgz",
      "integrity": "sha512-/QJ0Z9qfhAFtKRY+r57ziY4BSbGUTGsPRMpB/Ron3QPwBZM4OZAZHdTa4a8PafCwU5DTatXG8TMDoP8z+oDqJw==",
      "dev": true
    },
    "@vue/compiler-core": {
      "version": "3.2.28",
      "resolved": "https://npm.corp.kuaishou.com/@vue%2fcompiler-core/-/compiler-core-3.2.28.tgz",
      "integrity": "sha512-mQpfEjmHVxmWKaup0HL6tLMv2HqjjJu7XT4/q0IoUXYXC4xKG8lIVn5YChJqxBTLPuQjzas7u7i9L4PAWJZRtA==",
      "requires": {
        "@babel/parser": "^7.16.4",
        "@vue/shared": "3.2.28",
        "estree-walker": "^2.0.2",
        "source-map": "^0.6.1"
      }
    },
    "@vue/compiler-dom": {
      "version": "3.2.28",
      "resolved": "https://npm.corp.kuaishou.com/@vue%2fcompiler-dom/-/compiler-dom-3.2.28.tgz",
      "integrity": "sha512-KA4yXceLteKC7VykvPnViUixemQw3A+oii+deSbZJOQKQKVh1HLosI10qxa8ImPCyun41+wG3uGR+tW7eu1W6Q==",
      "requires": {
        "@vue/compiler-core": "3.2.28",
        "@vue/shared": "3.2.28"
      }
    },
    "@vue/compiler-sfc": {
      "version": "3.2.28",
      "resolved": "https://npm.corp.kuaishou.com/@vue%2fcompiler-sfc/-/compiler-sfc-3.2.28.tgz",
      "integrity": "sha512-zB0WznfEBb4CbGBHzhboHDKVO5nxbkbxxFo9iVlxObP7a9/qvA5kkZEuT7nXP52f3b3qEfmVTjIT23Lo1ndZdQ==",
      "requires": {
        "@babel/parser": "^7.16.4",
        "@vue/compiler-core": "3.2.28",
        "@vue/compiler-dom": "3.2.28",
        "@vue/compiler-ssr": "3.2.28",
        "@vue/reactivity-transform": "3.2.28",
        "@vue/shared": "3.2.28",
        "estree-walker": "^2.0.2",
        "magic-string": "^0.25.7",
        "postcss": "^8.1.10",
        "source-map": "^0.6.1"
      }
    },
    "@vue/compiler-ssr": {
      "version": "3.2.28",
      "resolved": "https://npm.corp.kuaishou.com/@vue%2fcompiler-ssr/-/compiler-ssr-3.2.28.tgz",
      "integrity": "sha512-z8rck1PDTu20iLyip9lAvIhaO40DUJrw3Zv0mS4Apfh3PlfWpF5dhsO5g0dgt213wgYsQIYVIlU9cfrYapqRgg==",
      "requires": {
        "@vue/compiler-dom": "3.2.28",
        "@vue/shared": "3.2.28"
      }
    },
    "@vue/reactivity": {
      "version": "3.2.28",
      "resolved": "https://npm.corp.kuaishou.com/@vue%2freactivity/-/reactivity-3.2.28.tgz",
      "integrity": "sha512-WamM5LGv7JIarW+EYAzYFqYonZXjTnOjNW0sBO93jRE9I1ReAwfH8NvQXkPA3JZ3fuF6SGDdG8Y9/+dKjd/1Gw==",
      "requires": {
        "@vue/shared": "3.2.28"
      }
    },
    "@vue/reactivity-transform": {
      "version": "3.2.28",
      "resolved": "https://npm.corp.kuaishou.com/@vue%2freactivity-transform/-/reactivity-transform-3.2.28.tgz",
      "integrity": "sha512-zE8idNkOPnBDd2tKSIk84hOQZ+jXKvSy5FoIIVlcNEJHnCFnQ3maqeSJ9KoB2Rf6EXUhFTiTDNRlYlXmT2uHbQ==",
      "requires": {
        "@babel/parser": "^7.16.4",
        "@vue/compiler-core": "3.2.28",
        "@vue/shared": "3.2.28",
        "estree-walker": "^2.0.2",
        "magic-string": "^0.25.7"
      }
    },
    "@vue/runtime-core": {
      "version": "3.2.28",
      "resolved": "https://npm.corp.kuaishou.com/@vue%2fruntime-core/-/runtime-core-3.2.28.tgz",
      "integrity": "sha512-sVbBMFUt42JatTlXbdH6tVcLPw1eEOrrVQWI+j6/nJVzR852RURaT6DhdR0azdYscxq4xmmBctE0VQmlibBOFw==",
      "requires": {
        "@vue/reactivity": "3.2.28",
        "@vue/shared": "3.2.28"
      }
    },
    "@vue/runtime-dom": {
      "version": "3.2.28",
      "resolved": "https://npm.corp.kuaishou.com/@vue%2fruntime-dom/-/runtime-dom-3.2.28.tgz",
      "integrity": "sha512-Jg7cxZanEXXGu1QnZILFLnDrM+MIFN8VAullmMZiJEZziHvhygRMpi0ahNy/8OqGwtTze1JNhLdHRBO+q2hbmg==",
      "requires": {
        "@vue/runtime-core": "3.2.28",
        "@vue/shared": "3.2.28",
        "csstype": "^2.6.8"
      }
    },
    "@vue/server-renderer": {
      "version": "3.2.28",
      "resolved": "https://npm.corp.kuaishou.com/@vue%2fserver-renderer/-/server-renderer-3.2.28.tgz",
      "integrity": "sha512-S+MhurgkPabRvhdDl8R6efKBmniJqBbbWIYTXADaJIKFLFLQCW4gcYUTbxuebzk6j3z485vpekhrHHymTF52Pg==",
      "requires": {
        "@vue/compiler-ssr": "3.2.28",
        "@vue/shared": "3.2.28"
      }
    },
    "@vue/shared": {
      "version": "3.2.28",
      "resolved": "https://npm.corp.kuaishou.com/@vue%2fshared/-/shared-3.2.28.tgz",
      "integrity": "sha512-eMQ8s9j8FpbGHlgUAaj/coaG3Q8YtMsoWL/RIHTsE3Ex7PUTyr7V91vB5HqWB5Sn8m4RXTHGO22/skoTUYvp0A=="
    },
    "balanced-match": {
      "version": "1.0.2",
      "resolved": "https://npm.corp.kuaishou.com/balanced-match/-/balanced-match-1.0.2.tgz",
      "integrity": "sha1-6D46fj8wCzTLnYf2FfoMvzV2kO4=",
      "dev": true
    },
    "big-integer": {
      "version": "1.6.51",
      "resolved": "https://npm.corp.kuaishou.com/big-integer/-/big-integer-1.6.51.tgz",
      "integrity": "sha1-DfkqXZiAVg0/8tX9ICRciJ0TBoY=",
      "dev": true
    },
    "binary": {
      "version": "0.3.0",
      "resolved": "https://npm.corp.kuaishou.com/binary/-/binary-0.3.0.tgz",
      "integrity": "sha1-n2BVO8XOjDOG87VTz/R0Yq3sqnk=",
      "dev": true,
      "requires": {
        "buffers": "~0.1.1",
        "chainsaw": "~0.1.0"
      }
    },
    "bluebird": {
      "version": "3.4.7",
      "resolved": "https://npm.corp.kuaishou.com/bluebird/-/bluebird-3.4.7.tgz",
      "integrity": "sha1-9y12C+Cbf3bQjtj66Ysomo0F+rM=",
      "dev": true
    },
    "brace-expansion": {
      "version": "1.1.11",
      "resolved": "https://npm.corp.kuaishou.com/brace-expansion/-/brace-expansion-1.1.11.tgz",
      "integrity": "sha1-PH/L9SnYcibz0vUrlm/1Jx60Qd0=",
      "dev": true,
      "requires": {
        "balanced-match": "^1.0.0",
        "concat-map": "0.0.1"
      }
    },
    "buffer-indexof-polyfill": {
      "version": "1.0.2",
      "resolved": "https://npm.corp.kuaishou.com/buffer-indexof-polyfill/-/buffer-indexof-polyfill-1.0.2.tgz",
      "integrity": "sha1-0nMhNcWZnGSyd/z5savjSYJUcpw=",
      "dev": true
    },
    "buffers": {
      "version": "0.1.1",
      "resolved": "https://npm.corp.kuaishou.com/buffers/-/buffers-0.1.1.tgz",
      "integrity": "sha1-skV5w77U1tOWru5tmorn9Ugqt7s=",
      "dev": true
    },
    "chainsaw": {
      "version": "0.1.0",
      "resolved": "https://npm.corp.kuaishou.com/chainsaw/-/chainsaw-0.1.0.tgz",
      "integrity": "sha1-XqtQsor+WAdNDVgpE4iCi15fvJg=",
      "dev": true,
      "requires": {
        "traverse": ">=0.3.0 <0.4"
      }
    },
    "concat-map": {
      "version": "0.0.1",
      "resolved": "https://npm.corp.kuaishou.com/concat-map/-/concat-map-0.0.1.tgz",
      "integrity": "sha1-2Klr13/Wjfd5OnMDajug1UBdR3s=",
      "dev": true
    },
    "core-util-is": {
      "version": "1.0.3",
      "resolved": "https://npm.corp.kuaishou.com/core-util-is/-/core-util-is-1.0.3.tgz",
      "integrity": "sha1-pgQtNjTCsn6TKPg3uWX6yDgI24U=",
      "dev": true
    },
    "csstype": {
      "version": "2.6.19",
      "resolved": "https://npm.corp.kuaishou.com/csstype/-/csstype-2.6.19.tgz",
      "integrity": "sha1-/utarokCC7OJ4fY2aaXtSQ45HKo="
    },
    "duplexer2": {
      "version": "0.1.4",
      "resolved": "https://npm.corp.kuaishou.com/duplexer2/-/duplexer2-0.1.4.tgz",
      "integrity": "sha1-ixLauHjA1p4+eJEFFmKjL8a93ME=",
      "dev": true,
      "requires": {
        "readable-stream": "^2.0.2"
      }
    },
    "esbuild": {
      "version": "0.13.15",
      "resolved": "https://npm.corp.kuaishou.com/esbuild/-/esbuild-0.13.15.tgz",
      "integrity": "sha1-21aogWbuNz+H27LYeY/0SeBFDN8=",
      "dev": true,
      "requires": {
        "esbuild-android-arm64": "0.13.15",
        "esbuild-darwin-64": "0.13.15",
        "esbuild-darwin-arm64": "0.13.15",
        "esbuild-freebsd-64": "0.13.15",
        "esbuild-freebsd-arm64": "0.13.15",
        "esbuild-linux-32": "0.13.15",
        "esbuild-linux-64": "0.13.15",
        "esbuild-linux-arm": "0.13.15",
        "esbuild-linux-arm64": "0.13.15",
        "esbuild-linux-mips64le": "0.13.15",
        "esbuild-linux-ppc64le": "0.13.15",
        "esbuild-netbsd-64": "0.13.15",
        "esbuild-openbsd-64": "0.13.15",
        "esbuild-sunos-64": "0.13.15",
        "esbuild-windows-32": "0.13.15",
        "esbuild-windows-64": "0.13.15",
        "esbuild-windows-arm64": "0.13.15"
      }
    },
    "esbuild-android-arm64": {
      "version": "0.13.15",
      "resolved": "https://npm.corp.kuaishou.com/esbuild-android-arm64/-/esbuild-android-arm64-0.13.15.tgz",
      "integrity": "sha1-P8P/C6t2/jXdI3R2tdKzK7IKPUQ=",
      "dev": true,
      "optional": true
    },
    "esbuild-darwin-64": {
      "version": "0.13.15",
      "resolved": "https://npm.corp.kuaishou.com/esbuild-darwin-64/-/esbuild-darwin-64-0.13.15.tgz",
      "integrity": "sha1-jpFpwWuvRE6s7GDQmyTRGyVajnI=",
      "dev": true,
      "optional": true
    },
    "esbuild-darwin-arm64": {
      "version": "0.13.15",
      "resolved": "https://npm.corp.kuaishou.com/esbuild-darwin-arm64/-/esbuild-darwin-arm64-0.13.15.tgz",
      "integrity": "sha1-Gwf4k7YyEU+AXhiN38pBsrd4Ipo=",
      "dev": true,
      "optional": true
    },
    "esbuild-freebsd-64": {
      "version": "0.13.15",
      "resolved": "https://npm.corp.kuaishou.com/esbuild-freebsd-64/-/esbuild-freebsd-64-0.13.15.tgz",
      "integrity": "sha1-C4t+yhaQyOyUx1aAw4wHJpwfSoU=",
      "dev": true,
      "optional": true
    },
    "esbuild-freebsd-arm64": {
      "version": "0.13.15",
      "resolved": "https://npm.corp.kuaishou.com/esbuild-freebsd-arm64/-/esbuild-freebsd-arm64-0.13.15.tgz",
      "integrity": "sha1-LhpsaWv9zSCplXi3Y1C0HbGTTlI=",
      "dev": true,
      "optional": true
    },
    "esbuild-linux-32": {
      "version": "0.13.15",
      "resolved": "https://npm.corp.kuaishou.com/esbuild-linux-32/-/esbuild-linux-32-0.13.15.tgz",
      "integrity": "sha1-b9OfNvxm3UW2tfUVcox7vrw0Kmk=",
      "dev": true,
      "optional": true
    },
    "esbuild-linux-64": {
      "version": "0.13.15",
      "resolved": "https://npm.corp.kuaishou.com/esbuild-linux-64/-/esbuild-linux-64-0.13.15.tgz",
      "integrity": "sha1-nLjkvNdXTmeUbk7l8fHhI4a7bdM=",
      "dev": true,
      "optional": true
    },
    "esbuild-linux-arm": {
      "version": "0.13.15",
      "resolved": "https://npm.corp.kuaishou.com/esbuild-linux-arm/-/esbuild-linux-arm-0.13.15.tgz",
      "integrity": "sha1-igDpnmoMbJprfzNIQTZNiitK7P4=",
      "dev": true,
      "optional": true
    },
    "esbuild-linux-arm64": {
      "version": "0.13.15",
      "resolved": "https://npm.corp.kuaishou.com/esbuild-linux-arm64/-/esbuild-linux-arm64-0.13.15.tgz",
      "integrity": "sha1-OJGqNwTsV5obktKlhhIuW2or+6E=",
      "dev": true,
      "optional": true
    },
    "esbuild-linux-mips64le": {
      "version": "0.13.15",
      "resolved": "https://npm.corp.kuaishou.com/esbuild-linux-mips64le/-/esbuild-linux-mips64le-0.13.15.tgz",
      "integrity": "sha1-NrB8xHw9IeSNs7sfTZ749Grq1Pc=",
      "dev": true,
      "optional": true
    },
    "esbuild-linux-ppc64le": {
      "version": "0.13.15",
      "resolved": "https://npm.corp.kuaishou.com/esbuild-linux-ppc64le/-/esbuild-linux-ppc64le-0.13.15.tgz",
      "integrity": "sha1-9+a7pAuaEeudyuWwFVDqBGcO2tI=",
      "dev": true,
      "optional": true
    },
    "esbuild-netbsd-64": {
      "version": "0.13.15",
      "resolved": "https://npm.corp.kuaishou.com/esbuild-netbsd-64/-/esbuild-netbsd-64-0.13.15.tgz",
      "integrity": "sha1-ov7cVJwrYp1YCnMthAcSsI1EADg=",
      "dev": true,
      "optional": true
    },
    "esbuild-openbsd-64": {
      "version": "0.13.15",
      "resolved": "https://npm.corp.kuaishou.com/esbuild-openbsd-64/-/esbuild-openbsd-64-0.13.15.tgz",
      "integrity": "sha1-siwOWAbTofvwMlhyA3+IUwawXNc=",
      "dev": true,
      "optional": true
    },
    "esbuild-sunos-64": {
      "version": "0.13.15",
      "resolved": "https://npm.corp.kuaishou.com/esbuild-sunos-64/-/esbuild-sunos-64-0.13.15.tgz",
      "integrity": "sha1-0LZFSog3XujTlk2u/1XIXJHHzvQ=",
      "dev": true,
      "optional": true
    },
    "esbuild-windows-32": {
      "version": "0.13.15",
      "resolved": "https://npm.corp.kuaishou.com/esbuild-windows-32/-/esbuild-windows-32-0.13.15.tgz",
      "integrity": "sha1-yW0Lm7tS8zAzIlgu+OSEfFrTdac=",
      "dev": true,
      "optional": true
    },
    "esbuild-windows-64": {
      "version": "0.13.15",
      "resolved": "https://npm.corp.kuaishou.com/esbuild-windows-64/-/esbuild-windows-64-0.13.15.tgz",
      "integrity": "sha1-H3nLmx4bsC+yXNQUy5DU6iiSwpQ=",
      "dev": true,
      "optional": true
    },
    "esbuild-windows-arm64": {
      "version": "0.13.15",
      "resolved": "https://npm.corp.kuaishou.com/esbuild-windows-arm64/-/esbuild-windows-arm64-0.13.15.tgz",
      "integrity": "sha1-SCFzBwgQ3yKnUsaGUJw3DDvjs8M=",
      "dev": true,
      "optional": true
    },
    "estree-walker": {
      "version": "2.0.2",
      "resolved": "https://npm.corp.kuaishou.com/estree-walker/-/estree-walker-2.0.2.tgz",
      "integrity": "sha1-UvAQF4wqTBF6d1fP6UKtt9LaTKw="
    },
    "fs.realpath": {
      "version": "1.0.0",
      "resolved": "https://npm.corp.kuaishou.com/fs.realpath/-/fs.realpath-1.0.0.tgz",
      "integrity": "sha1-FQStJSMVjKpA20onh8sBQRmU6k8=",
      "dev": true
    },
    "fsevents": {
      "version": "2.3.2",
      "resolved": "https://npm.corp.kuaishou.com/fsevents/-/fsevents-2.3.2.tgz",
      "integrity": "sha1-ilJveLj99GI7cJ4Ll1xSwkwC/Ro=",
      "dev": true,
      "optional": true
    },
    "fstream": {
      "version": "1.0.12",
      "resolved": "https://npm.corp.kuaishou.com/fstream/-/fstream-1.0.12.tgz",
      "integrity": "sha1-Touo7i1Ivk99DeUFRVVI6uWTIEU=",
      "dev": true,
      "requires": {
        "graceful-fs": "^4.1.2",
        "inherits": "~2.0.0",
        "mkdirp": ">=0.5 0",
        "rimraf": "2"
      }
    },
    "function-bind": {
      "version": "1.1.1",
      "resolved": "https://npm.corp.kuaishou.com/function-bind/-/function-bind-1.1.1.tgz",
      "integrity": "sha1-pWiZ0+o8m6uHS7l3O3xe3pL0iV0=",
      "dev": true
    },
    "glob": {
      "version": "7.2.0",
      "resolved": "https://npm.corp.kuaishou.com/glob/-/glob-7.2.0.tgz",
      "integrity": "sha1-0VU1r3cy4C6Uj0xBYovZECk/YCM=",
      "dev": true,
      "requires": {
        "fs.realpath": "^1.0.0",
        "inflight": "^1.0.4",
        "inherits": "2",
        "minimatch": "^3.0.4",
        "once": "^1.3.0",
        "path-is-absolute": "^1.0.0"
      }
    },
    "graceful-fs": {
      "version": "4.2.9",
      "resolved": "https://npm.corp.kuaishou.com/graceful-fs/-/graceful-fs-4.2.9.tgz",
      "integrity": "sha512-NtNxqUcXgpW2iMrfqSfR73Glt39K+BLwWsPs94yR63v45T0Wbej7eRmL5cWfwEgqXnmjQp3zaJTshdRW/qC2ZQ==",
      "dev": true
    },
    "has": {
      "version": "1.0.3",
      "resolved": "https://npm.corp.kuaishou.com/has/-/has-1.0.3.tgz",
      "integrity": "sha1-ci18v8H2qoJB8W3YFOAR4fQeh5Y=",
      "dev": true,
      "requires": {
        "function-bind": "^1.1.1"
      }
    },
    "inflight": {
      "version": "1.0.6",
      "resolved": "https://npm.corp.kuaishou.com/inflight/-/inflight-1.0.6.tgz",
      "integrity": "sha1-Sb1jMdfQLQwJvJEKEHW6gWW1bfk=",
      "dev": true,
      "requires": {
        "once": "^1.3.0",
        "wrappy": "1"
      }
    },
    "inherits": {
      "version": "2.0.4",
      "resolved": "https://npm.corp.kuaishou.com/inherits/-/inherits-2.0.4.tgz",
      "integrity": "sha1-D6LGT5MpF8NDOg3tVTY6rjdBa3w=",
      "dev": true
    },
    "is-core-module": {
      "version": "2.8.1",
      "resolved": "https://npm.corp.kuaishou.com/is-core-module/-/is-core-module-2.8.1.tgz",
      "integrity": "sha512-SdNCUs284hr40hFTFP6l0IfZ/RSrMXF3qgoRHd3/79unUTvrFO/JoXwkGm+5J/Oe3E/b5GsnG330uUNgRpu1PA==",
      "dev": true,
      "requires": {
        "has": "^1.0.3"
      }
    },
    "isarray": {
      "version": "1.0.0",
      "resolved": "https://npm.corp.kuaishou.com/isarray/-/isarray-1.0.0.tgz",
      "integrity": "sha1-u5NdSFgsuhaMBoNJV6VKPgcSTxE=",
      "dev": true
    },
    "listenercount": {
      "version": "1.0.1",
      "resolved": "https://npm.corp.kuaishou.com/listenercount/-/listenercount-1.0.1.tgz",
      "integrity": "sha1-hMinKrWcRyUyFIDJdeZQg0LnCTc=",
      "dev": true
    },
    "magic-string": {
      "version": "0.25.7",
      "resolved": "https://npm.corp.kuaishou.com/magic-string/-/magic-string-0.25.7.tgz",
      "integrity": "sha1-P0l9b9NMZpxnmNy4IfLvMfVEUFE=",
      "requires": {
        "sourcemap-codec": "^1.4.4"
      }
    },
    "minimatch": {
      "version": "3.0.4",
      "resolved": "https://npm.corp.kuaishou.com/minimatch/-/minimatch-3.0.4.tgz",
      "integrity": "sha1-UWbihkV/AzBgZL5Ul+jbsMPTIIM=",
      "dev": true,
      "requires": {
        "brace-expansion": "^1.1.7"
      }
    },
    "minimist": {
      "version": "1.2.5",
      "resolved": "https://npm.corp.kuaishou.com/minimist/-/minimist-1.2.5.tgz",
      "integrity": "sha1-Z9ZgFLZqaoqqDAg8X9WN9OTpdgI=",
      "dev": true
    },
    "mkdirp": {
      "version": "0.5.5",
      "resolved": "https://npm.corp.kuaishou.com/mkdirp/-/mkdirp-0.5.5.tgz",
      "integrity": "sha1-2Rzv1i0UNsoPQWIOJRKI1CAJne8=",
      "dev": true,
      "requires": {
        "minimist": "^1.2.5"
      }
    },
    "nanoid": {
      "version": "3.2.0",
      "resolved": "https://npm.corp.kuaishou.com/nanoid/-/nanoid-3.2.0.tgz",
      "integrity": "sha512-fmsZYa9lpn69Ad5eDn7FMcnnSR+8R34W9qJEijxYhTbfOWzr22n1QxCMzXLK+ODyW2973V3Fux959iQoUxzUIA=="
    },
    "once": {
      "version": "1.4.0",
      "resolved": "https://npm.corp.kuaishou.com/once/-/once-1.4.0.tgz",
      "integrity": "sha1-WDsap3WWHUsROsF9nFC6753Xa9E=",
      "dev": true,
      "requires": {
        "wrappy": "1"
      }
    },
    "path-is-absolute": {
      "version": "1.0.1",
      "resolved": "https://npm.corp.kuaishou.com/path-is-absolute/-/path-is-absolute-1.0.1.tgz",
      "integrity": "sha1-F0uSaHNVNP+8es5r9TpanhtcX18=",
      "dev": true
    },
    "path-parse": {
      "version": "1.0.7",
      "resolved": "https://npm.corp.kuaishou.com/path-parse/-/path-parse-1.0.7.tgz",
      "integrity": "sha1-+8EUtgykKzDZ2vWFjkvWi77bZzU=",
      "dev": true
    },
    "picocolors": {
      "version": "1.0.0",
      "resolved": "https://npm.corp.kuaishou.com/picocolors/-/picocolors-1.0.0.tgz",
      "integrity": "sha1-y1vcdP8/UYkiNur3nWi8RFZKuBw="
    },
    "postcss": {
      "version": "8.4.5",
      "resolved": "https://npm.corp.kuaishou.com/postcss/-/postcss-8.4.5.tgz",
      "integrity": "sha512-jBDboWM8qpaqwkMwItqTQTiFikhs/67OYVvblFFTM7MrZjt6yMKd6r2kgXizEbTTljacm4NldIlZnhbjr84QYg==",
      "requires": {
        "nanoid": "^3.1.30",
        "picocolors": "^1.0.0",
        "source-map-js": "^1.0.1"
      }
    },
    "process-nextick-args": {
      "version": "2.0.1",
      "resolved": "https://npm.corp.kuaishou.com/process-nextick-args/-/process-nextick-args-2.0.1.tgz",
      "integrity": "sha1-eCDZsWEgzFXKmud5JoCufbptf+I=",
      "dev": true
    },
    "readable-stream": {
      "version": "2.3.7",
      "resolved": "https://npm.corp.kuaishou.com/readable-stream/-/readable-stream-2.3.7.tgz",
      "integrity": "sha1-Hsoc9xGu+BTAT2IlKjamL2yyO1c=",
      "dev": true,
      "requires": {
        "core-util-is": "~1.0.0",
        "inherits": "~2.0.3",
        "isarray": "~1.0.0",
        "process-nextick-args": "~2.0.0",
        "safe-buffer": "~5.1.1",
        "string_decoder": "~1.1.1",
        "util-deprecate": "~1.0.1"
      }
    },
    "resolve": {
      "version": "1.21.1",
      "resolved": "https://npm.corp.kuaishou.com/resolve/-/resolve-1.21.1.tgz",
      "integrity": "sha512-lfEImVbnolPuaSZuLQ52cAxPBHeI77sPwCOWRdy12UG/CNa8an7oBHH1R+Fp1/mUqSJi4c8TIP6FOIPSZAUrEQ==",
      "dev": true,
      "requires": {
        "is-core-module": "^2.8.0",
        "path-parse": "^1.0.7",
        "supports-preserve-symlinks-flag": "^1.0.0"
      }
    },
    "rimraf": {
      "version": "2.7.1",
      "resolved": "https://npm.corp.kuaishou.com/rimraf/-/rimraf-2.7.1.tgz",
      "integrity": "sha1-NXl/E6f9rcVmFCwp1PB8ytSD4+w=",
      "dev": true,
      "requires": {
        "glob": "^7.1.3"
      }
    },
    "rollup": {
      "version": "2.65.0",
      "resolved": "https://npm.corp.kuaishou.com/rollup/-/rollup-2.65.0.tgz",
      "integrity": "sha512-ohZVYrhtVMTqqeqH26sngfMiyGDg6gCUReOsoflXvYpzUkDHp8sVG8F9FQxjs72OfnLWpXP2nNNqQ9I0vkRovA==",
      "dev": true,
      "requires": {
        "fsevents": "~2.3.2"
      }
    },
    "safe-buffer": {
      "version": "5.1.2",
      "resolved": "https://npm.corp.kuaishou.com/safe-buffer/-/safe-buffer-5.1.2.tgz",
      "integrity": "sha1-mR7GnSluAxN0fVm9/St0XDX4go0=",
      "dev": true
    },
    "setimmediate": {
      "version": "1.0.5",
      "resolved": "https://npm.corp.kuaishou.com/setimmediate/-/setimmediate-1.0.5.tgz",
      "integrity": "sha512-MATJdZp8sLqDl/68LfQmbP8zKPLQNV6BIZoIgrscFDQ+RsvK/BxeDQOgyxKKoh0y/8h3BqVFnCqQ/gd+reiIXA==",
      "dev": true
    },
    "source-map": {
      "version": "0.6.1",
      "resolved": "https://npm.corp.kuaishou.com/source-map/-/source-map-0.6.1.tgz",
      "integrity": "sha1-dHIq8y6WFOnCh6jQu95IteLxomM="
    },
    "source-map-js": {
      "version": "1.0.2",
      "resolved": "https://npm.corp.kuaishou.com/source-map-js/-/source-map-js-1.0.2.tgz",
      "integrity": "sha512-R0XvVJ9WusLiqTCEiGCmICCMplcCkIwwR11mOSD9CR5u+IXYdiseeEuXCVAjS54zqwkLcPNnmU4OeJ6tUrWhDw=="
    },
    "sourcemap-codec": {
      "version": "1.4.8",
      "resolved": "https://npm.corp.kuaishou.com/sourcemap-codec/-/sourcemap-codec-1.4.8.tgz",
      "integrity": "sha1-6oBL2UhXQC5pktBaOO8a41qatMQ="
    },
    "string_decoder": {
      "version": "1.1.1",
      "resolved": "https://npm.corp.kuaishou.com/string_decoder/-/string_decoder-1.1.1.tgz",
      "integrity": "sha1-nPFhG6YmhdcDCunkujQUnDrwP8g=",
      "dev": true,
      "requires": {
        "safe-buffer": "~5.1.0"
      }
    },
    "supports-preserve-symlinks-flag": {
      "version": "1.0.0",
      "resolved": "https://npm.corp.kuaishou.com/supports-preserve-symlinks-flag/-/supports-preserve-symlinks-flag-1.0.0.tgz",
      "integrity": "sha512-ot0WnXS9fgdkgIcePe6RHNk1WA8+muPa6cSjeR3V8K27q9BB1rTE3R1p7Hv0z1ZyAc8s6Vvv8DIyWf681MAt0w==",
      "dev": true
    },
    "three": {
      "version": "0.136.0",
      "resolved": "https://npm.corp.kuaishou.com/three/-/three-0.136.0.tgz",
      "integrity": "sha512-+fEMX7nYLz2ZesVP/dyifli5Jf8gR3XPAnFJveQ80aMhibFduzrADnjMbARXh8+W9qLK7rshJCjAIL/6cDxC+A=="
    },
    "traverse": {
      "version": "0.3.9",
      "resolved": "https://npm.corp.kuaishou.com/traverse/-/traverse-0.3.9.tgz",
      "integrity": "sha1-cXuPIgzAu3tE5AUUwisui7xw2Lk=",
      "dev": true
    },
    "typescript": {
      "version": "4.5.5",
      "resolved": "https://npm.corp.kuaishou.com/typescript/-/typescript-4.5.5.tgz",
      "integrity": "sha512-TCTIul70LyWe6IJWT8QSYeA54WQe8EjQFU4wY52Fasj5UKx88LNYKCgBEHcOMOrFF1rKGbD8v/xcNWVUq9SymA==",
      "dev": true
    },
    "unzipper": {
      "version": "0.10.11",
      "resolved": "https://npm.corp.kuaishou.com/unzipper/-/unzipper-0.10.11.tgz",
      "integrity": "sha1-C0mRRGRyy9uS7nQDkJ8mwkGceC4=",
      "dev": true,
      "requires": {
        "big-integer": "^1.6.17",
        "binary": "~0.3.0",
        "bluebird": "~3.4.1",
        "buffer-indexof-polyfill": "~1.0.0",
        "duplexer2": "~0.1.4",
        "fstream": "^1.0.12",
        "graceful-fs": "^4.2.2",
        "listenercount": "~1.0.1",
        "readable-stream": "~2.3.6",
        "setimmediate": "~1.0.4"
      }
    },
    "util-deprecate": {
      "version": "1.0.2",
      "resolved": "https://npm.corp.kuaishou.com/util-deprecate/-/util-deprecate-1.0.2.tgz",
      "integrity": "sha1-RQ1Nyfpw3nMnYvvS1KKJgUGaDM8=",
      "dev": true
    },
    "vite": {
      "version": "2.7.13",
      "resolved": "https://npm.corp.kuaishou.com/vite/-/vite-2.7.13.tgz",
      "integrity": "sha512-Mq8et7f3aK0SgSxjDNfOAimZGW9XryfHRa/uV0jseQSilg+KhYDSoNb9h1rknOy6SuMkvNDLKCYAYYUMCE+IgQ==",
      "dev": true,
      "requires": {
        "esbuild": "^0.13.12",
        "fsevents": "~2.3.2",
        "postcss": "^8.4.5",
        "resolve": "^1.20.0",
        "rollup": "^2.59.0"
      }
    },
    "vue": {
      "version": "3.2.28",
      "resolved": "https://npm.corp.kuaishou.com/vue/-/vue-3.2.28.tgz",
      "integrity": "sha512-U+jBwVh3RQ9AgceLFdT7i2FFujoC+kYuGrKo5y8aLluWKZWPS40WgA2pyYHaiSX9ydCbEGr3rc/JzdqskzD95g==",
      "requires": {
        "@vue/compiler-dom": "3.2.28",
        "@vue/compiler-sfc": "3.2.28",
        "@vue/runtime-dom": "3.2.28",
        "@vue/server-renderer": "3.2.28",
        "@vue/shared": "3.2.28"
      }
    },
    "vue-tsc": {
      "version": "0.0.24",
      "resolved": "https://npm.corp.kuaishou.com/vue-tsc/-/vue-tsc-0.0.24.tgz",
      "integrity": "sha1-DNkNtnn1PqFpQlS4Zj/bPWJKCHI=",
      "dev": true,
      "requires": {
        "unzipper": "0.10.11"
      }
    },
    "wrappy": {
      "version": "1.0.2",
      "resolved": "https://npm.corp.kuaishou.com/wrappy/-/wrappy-1.0.2.tgz",
      "integrity": "sha1-tSQ9jz7BqjXxNkYFvA0QNuMKtp8=",
      "dev": true
    }
  }
}
